
Microsoft Visual Studio Solution File, Format Version 12.00
# Visual Studio Version 16
VisualStudioVersion = 16.0.30804.86
MinimumVisualStudioVersion = 10.0.40219.1
Project("{FAE04EC0-301F-11D3-BF4B-00C04F79EFBC}") = "UI", "UI\UI.csproj", "{30D95DFB-4A58-483C-A1F8-845AE2071E03}"
EndProject
Project("{FAE04EC0-301F-11D3-BF4B-00C04F79EFBC}") = "Model", "Model\Model.csproj", "{D9320032-8E35-490E-84B0-CC69A9851F9C}"
EndProject
Project("{FAE04EC0-301F-11D3-BF4B-00C04F79EFBC}") = "Tests", "Tests\Tests.csproj", "{77F0A9C1-E770-4ECD-912D-C160D1B857B6}"
EndProject
Global
	GlobalSection(SolutionConfigurationPlatforms) = preSolution
		Debug|Any CPU = Debug|Any CPU
		Release|Any CPU = Release|Any CPU
	EndGlobalSection
	GlobalSection(ProjectConfigurationPlatforms) = postSolution
		{30D95DFB-4A58-483C-A1F8-845AE2071E03}.Debug|Any CPU.ActiveCfg = Debug|Any CPU
		{30D95DFB-4A58-483C-A1F8-845AE2071E03}.Debug|Any CPU.Build.0 = Debug|Any CPU
		{30D95DFB-4A58-483C-A1F8-845AE2071E03}.Release|Any CPU.ActiveCfg = Release|Any CPU
		{30D95DFB-4A58-483C-A1F8-845AE2071E03}.Release|Any CPU.Build.0 = Release|Any CPU
		{D9320032-8E35-490E-84B0-CC69A9851F9C}.Debug|Any CPU.ActiveCfg = Debug|Any CPU
		{D9320032-8E35-490E-84B0-CC69A9851F9C}.Debug|Any CPU.Build.0 = Debug|Any CPU
		{D9320032-8E35-490E-84B0-CC69A9851F9C}.Release|Any CPU.ActiveCfg = Release|Any CPU
		{D9320032-8E35-490E-84B0-CC69A9851F9C}.Release|Any CPU.Build.0 = Release|Any CPU
		{77F0A9C1-E770-4ECD-912D-C160D1B857B6}.Debug|Any CPU.ActiveCfg = Debug|Any CPU
		{77F0A9C1-E770-4ECD-912D-C160D1B857B6}.Debug|Any CPU.Build.0 = Debug|Any CPU
		{77F0A9C1-E770-4ECD-912D-C160D1B857B6}.Release|Any CPU.ActiveCfg = Release|Any CPU
		{77F0A9C1-E770-4ECD-912D-C160D1B857B6}.Release|Any CPU.Build.0 = Release|Any CPU
	EndGlobalSection
	GlobalSection(SolutionProperties) = preSolution
		HideSolutionNode = FALSE
	EndGlobalSection
	GlobalSection(ExtensibilityGlobals) = postSolution
		SolutionGuid = {65E65A96-A898-4B60-8FED-52F46436B680}
	EndGlobalSection
EndGlobal
